
Microsoft Visual Studio Solution File, Format Version 12.00
# Visual Studio Version 17
VisualStudioVersion = 17.5.33414.496
MinimumVisualStudioVersion = 10.0.40219.1
Project("{9A19103F-16F7-4668-BE54-9A1E7A4F7556}") = "2_Classes&Objects", "Classes\2_Classes&Objects.csproj", "{90D7E48D-9545-4B3F-9247-21FE0F74BF5A}"
EndProject
Global
	GlobalSection(SolutionConfigurationPlatforms) = preSolution
		Debug|Any CPU = Debug|Any CPU
		Release|Any CPU = Release|Any CPU
	EndGlobalSection
	GlobalSection(ProjectConfigurationPlatforms) = postSolution
		{90D7E48D-9545-4B3F-9247-21FE0F74BF5A}.Debug|Any CPU.ActiveCfg = Debug|Any CPU
		{90D7E48D-9545-4B3F-9247-21FE0F74BF5A}.Debug|Any CPU.Build.0 = Debug|Any CPU
		{90D7E48D-9545-4B3F-9247-21FE0F74BF5A}.Release|Any CPU.ActiveCfg = Release|Any CPU
		{90D7E48D-9545-4B3F-9247-21FE0F74BF5A}.Release|Any CPU.Build.0 = Release|Any CPU
	EndGlobalSection
	GlobalSection(SolutionProperties) = preSolution
		HideSolutionNode = FALSE
	EndGlobalSection
	GlobalSection(ExtensibilityGlobals) = postSolution
		SolutionGuid = {BC4A7AB4-7DAB-4584-A6CD-3002A8F5C0C9}
	EndGlobalSection
EndGlobal
