
Microsoft Visual Studio Solution File, Format Version 12.00
# Visual Studio Version 17
VisualStudioVersion = 17.5.33414.496
MinimumVisualStudioVersion = 10.0.40219.1
Project("{FAE04EC0-301F-11D3-BF4B-00C04F79EFBC}") = "INTERFACE", "INHERITANCE_3\INTERFACE.csproj", "{BB8BDBFA-8E49-45F9-8941-9A01B9248D1F}"
EndProject
Global
	GlobalSection(SolutionConfigurationPlatforms) = preSolution
		Debug|Any CPU = Debug|Any CPU
		Release|Any CPU = Release|Any CPU
	EndGlobalSection
	GlobalSection(ProjectConfigurationPlatforms) = postSolution
		{BB8BDBFA-8E49-45F9-8941-9A01B9248D1F}.Debug|Any CPU.ActiveCfg = Debug|Any CPU
		{BB8BDBFA-8E49-45F9-8941-9A01B9248D1F}.Debug|Any CPU.Build.0 = Debug|Any CPU
		{BB8BDBFA-8E49-45F9-8941-9A01B9248D1F}.Release|Any CPU.ActiveCfg = Release|Any CPU
		{BB8BDBFA-8E49-45F9-8941-9A01B9248D1F}.Release|Any CPU.Build.0 = Release|Any CPU
	EndGlobalSection
	GlobalSection(SolutionProperties) = preSolution
		HideSolutionNode = FALSE
	EndGlobalSection
	GlobalSection(ExtensibilityGlobals) = postSolution
		SolutionGuid = {797D7476-11D3-4B84-93B2-7AC4084CA291}
	EndGlobalSection
EndGlobal
