
Microsoft Visual Studio Solution File, Format Version 12.00
# Visual Studio Version 17
VisualStudioVersion = 17.5.33414.496
MinimumVisualStudioVersion = 10.0.40219.1
Project("{FAE04EC0-301F-11D3-BF4B-00C04F79EFBC}") = "5_Multi-Inheritance", "5_Multi-Inheritance\5_Multi-Inheritance.csproj", "{958311D6-D6E1-4E40-BB64-517D7929D89B}"
EndProject
Global
	GlobalSection(SolutionConfigurationPlatforms) = preSolution
		Debug|Any CPU = Debug|Any CPU
		Release|Any CPU = Release|Any CPU
	EndGlobalSection
	GlobalSection(ProjectConfigurationPlatforms) = postSolution
		{958311D6-D6E1-4E40-BB64-517D7929D89B}.Debug|Any CPU.ActiveCfg = Debug|Any CPU
		{958311D6-D6E1-4E40-BB64-517D7929D89B}.Debug|Any CPU.Build.0 = Debug|Any CPU
		{958311D6-D6E1-4E40-BB64-517D7929D89B}.Release|Any CPU.ActiveCfg = Release|Any CPU
		{958311D6-D6E1-4E40-BB64-517D7929D89B}.Release|Any CPU.Build.0 = Release|Any CPU
	EndGlobalSection
	GlobalSection(SolutionProperties) = preSolution
		HideSolutionNode = FALSE
	EndGlobalSection
	GlobalSection(ExtensibilityGlobals) = postSolution
		SolutionGuid = {9AAD33DF-AE92-4110-8F50-BB0AC9724CBC}
	EndGlobalSection
EndGlobal
