
Microsoft Visual Studio Solution File, Format Version 12.00
# Visual Studio Version 17
VisualStudioVersion = 17.5.33414.496
MinimumVisualStudioVersion = 10.0.40219.1
Project("{9A19103F-16F7-4668-BE54-9A1E7A4F7556}") = "5.3-Sealed_&_Abstract", "INHERITENCE_cont\5.3-Sealed_&_Abstract.csproj", "{D985EFFC-A56F-4AD9-AB36-94C01C0C776E}"
EndProject
Global
	GlobalSection(SolutionConfigurationPlatforms) = preSolution
		Debug|Any CPU = Debug|Any CPU
		Release|Any CPU = Release|Any CPU
	EndGlobalSection
	GlobalSection(ProjectConfigurationPlatforms) = postSolution
		{D985EFFC-A56F-4AD9-AB36-94C01C0C776E}.Debug|Any CPU.ActiveCfg = Debug|Any CPU
		{D985EFFC-A56F-4AD9-AB36-94C01C0C776E}.Debug|Any CPU.Build.0 = Debug|Any CPU
		{D985EFFC-A56F-4AD9-AB36-94C01C0C776E}.Release|Any CPU.ActiveCfg = Release|Any CPU
		{D985EFFC-A56F-4AD9-AB36-94C01C0C776E}.Release|Any CPU.Build.0 = Release|Any CPU
	EndGlobalSection
	GlobalSection(SolutionProperties) = preSolution
		HideSolutionNode = FALSE
	EndGlobalSection
	GlobalSection(ExtensibilityGlobals) = postSolution
		SolutionGuid = {1B75819D-587D-4A6A-B807-5A02ABE99E79}
	EndGlobalSection
EndGlobal
